
Microsoft Visual Studio Solution File, Format Version 12.00
# Visual Studio 14
VisualStudioVersion = 14.0.25420.1
MinimumVisualStudioVersion = 10.0.40219.1
Project("{FAE04EC0-301F-11D3-BF4B-00C04F79EFBC}") = "Bagahe.Droid", "Bagahe\Bagahe.Droid\Bagahe.Droid.csproj", "{97257539-12E7-48F0-BC71-CF3631E2178C}"
EndProject
Project("{FAE04EC0-301F-11D3-BF4B-00C04F79EFBC}") = "Bagahe.Core", "Bagahe\Bagahe\Bagahe.Core.csproj", "{1A9BC3A9-EC09-46B6-8B66-A6FB6978D338}"
EndProject
Project("{FAE04EC0-301F-11D3-BF4B-00C04F79EFBC}") = "Bagahe.UWP", "Bagahe\Bagahe.UWP\Bagahe.UWP.csproj", "{381F0469-E6A0-43E0-A5D7-B12DD93516E6}"
EndProject
Project("{FAE04EC0-301F-11D3-BF4B-00C04F79EFBC}") = "Bagahe.iOS", "Bagahe\Bagahe.iOS\Bagahe.iOS.csproj", "{88B9251B-D894-419E-94BD-F51810E37706}"
EndProject
Global
	GlobalSection(SolutionConfigurationPlatforms) = preSolution
		Ad-Hoc|Any CPU = Ad-Hoc|Any CPU
		Ad-Hoc|ARM = Ad-Hoc|ARM
		Ad-Hoc|iPhone = Ad-Hoc|iPhone
		Ad-Hoc|iPhoneSimulator = Ad-Hoc|iPhoneSimulator
		Ad-Hoc|x64 = Ad-Hoc|x64
		Ad-Hoc|x86 = Ad-Hoc|x86
		AppStore|Any CPU = AppStore|Any CPU
		AppStore|ARM = AppStore|ARM
		AppStore|iPhone = AppStore|iPhone
		AppStore|iPhoneSimulator = AppStore|iPhoneSimulator
		AppStore|x64 = AppStore|x64
		AppStore|x86 = AppStore|x86
		Debug|Any CPU = Debug|Any CPU
		Debug|ARM = Debug|ARM
		Debug|iPhone = Debug|iPhone
		Debug|iPhoneSimulator = Debug|iPhoneSimulator
		Debug|x64 = Debug|x64
		Debug|x86 = Debug|x86
		Release|Any CPU = Release|Any CPU
		Release|ARM = Release|ARM
		Release|iPhone = Release|iPhone
		Release|iPhoneSimulator = Release|iPhoneSimulator
		Release|x64 = Release|x64
		Release|x86 = Release|x86
	EndGlobalSection
	GlobalSection(ProjectConfigurationPlatforms) = postSolution
		{97257539-12E7-48F0-BC71-CF3631E2178C}.Ad-Hoc|Any CPU.ActiveCfg = Release|Any CPU
		{97257539-12E7-48F0-BC71-CF3631E2178C}.Ad-Hoc|Any CPU.Build.0 = Release|Any CPU
		{97257539-12E7-48F0-BC71-CF3631E2178C}.Ad-Hoc|Any CPU.Deploy.0 = Release|Any CPU
		{97257539-12E7-48F0-BC71-CF3631E2178C}.Ad-Hoc|ARM.ActiveCfg = Release|Any CPU
		{97257539-12E7-48F0-BC71-CF3631E2178C}.Ad-Hoc|ARM.Build.0 = Release|Any CPU
		{97257539-12E7-48F0-BC71-CF3631E2178C}.Ad-Hoc|ARM.Deploy.0 = Release|Any CPU
		{97257539-12E7-48F0-BC71-CF3631E2178C}.Ad-Hoc|iPhone.ActiveCfg = Release|Any CPU
		{97257539-12E7-48F0-BC71-CF3631E2178C}.Ad-Hoc|iPhone.Build.0 = Release|Any CPU
		{97257539-12E7-48F0-BC71-CF3631E2178C}.Ad-Hoc|iPhone.Deploy.0 = Release|Any CPU
		{97257539-12E7-48F0-BC71-CF3631E2178C}.Ad-Hoc|iPhoneSimulator.ActiveCfg = Release|Any CPU
		{97257539-12E7-48F0-BC71-CF3631E2178C}.Ad-Hoc|iPhoneSimulator.Build.0 = Release|Any CPU
		{97257539-12E7-48F0-BC71-CF3631E2178C}.Ad-Hoc|iPhoneSimulator.Deploy.0 = Release|Any CPU
		{97257539-12E7-48F0-BC71-CF3631E2178C}.Ad-Hoc|x64.ActiveCfg = Release|Any CPU
		{97257539-12E7-48F0-BC71-CF3631E2178C}.Ad-Hoc|x64.Build.0 = Release|Any CPU
		{97257539-12E7-48F0-BC71-CF3631E2178C}.Ad-Hoc|x64.Deploy.0 = Release|Any CPU
		{97257539-12E7-48F0-BC71-CF3631E2178C}.Ad-Hoc|x86.ActiveCfg = Release|Any CPU
		{97257539-12E7-48F0-BC71-CF3631E2178C}.Ad-Hoc|x86.Build.0 = Release|Any CPU
		{97257539-12E7-48F0-BC71-CF3631E2178C}.Ad-Hoc|x86.Deploy.0 = Release|Any CPU
		{97257539-12E7-48F0-BC71-CF3631E2178C}.AppStore|Any CPU.ActiveCfg = Release|Any CPU
		{97257539-12E7-48F0-BC71-CF3631E2178C}.AppStore|Any CPU.Build.0 = Release|Any CPU
		{97257539-12E7-48F0-BC71-CF3631E2178C}.AppStore|Any CPU.Deploy.0 = Release|Any CPU
		{97257539-12E7-48F0-BC71-CF3631E2178C}.AppStore|ARM.ActiveCfg = Release|Any CPU
		{97257539-12E7-48F0-BC71-CF3631E2178C}.AppStore|ARM.Build.0 = Release|Any CPU
		{97257539-12E7-48F0-BC71-CF3631E2178C}.AppStore|ARM.Deploy.0 = Release|Any CPU
		{97257539-12E7-48F0-BC71-CF3631E2178C}.AppStore|iPhone.ActiveCfg = Release|Any CPU
		{97257539-12E7-48F0-BC71-CF3631E2178C}.AppStore|iPhone.Build.0 = Release|Any CPU
		{97257539-12E7-48F0-BC71-CF3631E2178C}.AppStore|iPhone.Deploy.0 = Release|Any CPU
		{97257539-12E7-48F0-BC71-CF3631E2178C}.AppStore|iPhoneSimulator.ActiveCfg = Release|Any CPU
		{97257539-12E7-48F0-BC71-CF3631E2178C}.AppStore|iPhoneSimulator.Build.0 = Release|Any CPU
		{97257539-12E7-48F0-BC71-CF3631E2178C}.AppStore|iPhoneSimulator.Deploy.0 = Release|Any CPU
		{97257539-12E7-48F0-BC71-CF3631E2178C}.AppStore|x64.ActiveCfg = Release|Any CPU
		{97257539-12E7-48F0-BC71-CF3631E2178C}.AppStore|x64.Build.0 = Release|Any CPU
		{97257539-12E7-48F0-BC71-CF3631E2178C}.AppStore|x64.Deploy.0 = Release|Any CPU
		{97257539-12E7-48F0-BC71-CF3631E2178C}.AppStore|x86.ActiveCfg = Release|Any CPU
		{97257539-12E7-48F0-BC71-CF3631E2178C}.AppStore|x86.Build.0 = Release|Any CPU
		{97257539-12E7-48F0-BC71-CF3631E2178C}.AppStore|x86.Deploy.0 = Release|Any CPU
		{97257539-12E7-48F0-BC71-CF3631E2178C}.Debug|Any CPU.ActiveCfg = Debug|Any CPU
		{97257539-12E7-48F0-BC71-CF3631E2178C}.Debug|Any CPU.Build.0 = Debug|Any CPU
		{97257539-12E7-48F0-BC71-CF3631E2178C}.Debug|Any CPU.Deploy.0 = Debug|Any CPU
		{97257539-12E7-48F0-BC71-CF3631E2178C}.Debug|ARM.ActiveCfg = Debug|Any CPU
		{97257539-12E7-48F0-BC71-CF3631E2178C}.Debug|ARM.Build.0 = Debug|Any CPU
		{97257539-12E7-48F0-BC71-CF3631E2178C}.Debug|ARM.Deploy.0 = Debug|Any CPU
		{97257539-12E7-48F0-BC71-CF3631E2178C}.Debug|iPhone.ActiveCfg = Debug|Any CPU
		{97257539-12E7-48F0-BC71-CF3631E2178C}.Debug|iPhone.Build.0 = Debug|Any CPU
		{97257539-12E7-48F0-BC71-CF3631E2178C}.Debug|iPhone.Deploy.0 = Debug|Any CPU
		{97257539-12E7-48F0-BC71-CF3631E2178C}.Debug|iPhoneSimulator.ActiveCfg = Debug|Any CPU
		{97257539-12E7-48F0-BC71-CF3631E2178C}.Debug|iPhoneSimulator.Build.0 = Debug|Any CPU
		{97257539-12E7-48F0-BC71-CF3631E2178C}.Debug|iPhoneSimulator.Deploy.0 = Debug|Any CPU
		{97257539-12E7-48F0-BC71-CF3631E2178C}.Debug|x64.ActiveCfg = Debug|Any CPU
		{97257539-12E7-48F0-BC71-CF3631E2178C}.Debug|x64.Build.0 = Debug|Any CPU
		{97257539-12E7-48F0-BC71-CF3631E2178C}.Debug|x64.Deploy.0 = Debug|Any CPU
		{97257539-12E7-48F0-BC71-CF3631E2178C}.Debug|x86.ActiveCfg = Debug|Any CPU
		{97257539-12E7-48F0-BC71-CF3631E2178C}.Debug|x86.Build.0 = Debug|Any CPU
		{97257539-12E7-48F0-BC71-CF3631E2178C}.Debug|x86.Deploy.0 = Debug|Any CPU
		{97257539-12E7-48F0-BC71-CF3631E2178C}.Release|Any CPU.ActiveCfg = Release|Any CPU
		{97257539-12E7-48F0-BC71-CF3631E2178C}.Release|Any CPU.Build.0 = Release|Any CPU
		{97257539-12E7-48F0-BC71-CF3631E2178C}.Release|Any CPU.Deploy.0 = Release|Any CPU
		{97257539-12E7-48F0-BC71-CF3631E2178C}.Release|ARM.ActiveCfg = Release|Any CPU
		{97257539-12E7-48F0-BC71-CF3631E2178C}.Release|ARM.Build.0 = Release|Any CPU
		{97257539-12E7-48F0-BC71-CF3631E2178C}.Release|ARM.Deploy.0 = Release|Any CPU
		{97257539-12E7-48F0-BC71-CF3631E2178C}.Release|iPhone.ActiveCfg = Release|Any CPU
		{97257539-12E7-48F0-BC71-CF3631E2178C}.Release|iPhone.Build.0 = Release|Any CPU
		{97257539-12E7-48F0-BC71-CF3631E2178C}.Release|iPhone.Deploy.0 = Release|Any CPU
		{97257539-12E7-48F0-BC71-CF3631E2178C}.Release|iPhoneSimulator.ActiveCfg = Release|Any CPU
		{97257539-12E7-48F0-BC71-CF3631E2178C}.Release|iPhoneSimulator.Build.0 = Release|Any CPU
		{97257539-12E7-48F0-BC71-CF3631E2178C}.Release|iPhoneSimulator.Deploy.0 = Release|Any CPU
		{97257539-12E7-48F0-BC71-CF3631E2178C}.Release|x64.ActiveCfg = Release|Any CPU
		{97257539-12E7-48F0-BC71-CF3631E2178C}.Release|x64.Build.0 = Release|Any CPU
		{97257539-12E7-48F0-BC71-CF3631E2178C}.Release|x64.Deploy.0 = Release|Any CPU
		{97257539-12E7-48F0-BC71-CF3631E2178C}.Release|x86.ActiveCfg = Release|Any CPU
		{97257539-12E7-48F0-BC71-CF3631E2178C}.Release|x86.Build.0 = Release|Any CPU
		{97257539-12E7-48F0-BC71-CF3631E2178C}.Release|x86.Deploy.0 = Release|Any CPU
		{1A9BC3A9-EC09-46B6-8B66-A6FB6978D338}.Ad-Hoc|Any CPU.ActiveCfg = Release|Any CPU
		{1A9BC3A9-EC09-46B6-8B66-A6FB6978D338}.Ad-Hoc|Any CPU.Build.0 = Release|Any CPU
		{1A9BC3A9-EC09-46B6-8B66-A6FB6978D338}.Ad-Hoc|ARM.ActiveCfg = Release|Any CPU
		{1A9BC3A9-EC09-46B6-8B66-A6FB6978D338}.Ad-Hoc|ARM.Build.0 = Release|Any CPU
		{1A9BC3A9-EC09-46B6-8B66-A6FB6978D338}.Ad-Hoc|iPhone.ActiveCfg = Release|Any CPU
		{1A9BC3A9-EC09-46B6-8B66-A6FB6978D338}.Ad-Hoc|iPhone.Build.0 = Release|Any CPU
		{1A9BC3A9-EC09-46B6-8B66-A6FB6978D338}.Ad-Hoc|iPhoneSimulator.ActiveCfg = Release|Any CPU
		{1A9BC3A9-EC09-46B6-8B66-A6FB6978D338}.Ad-Hoc|iPhoneSimulator.Build.0 = Release|Any CPU
		{1A9BC3A9-EC09-46B6-8B66-A6FB6978D338}.Ad-Hoc|x64.ActiveCfg = Release|Any CPU
		{1A9BC3A9-EC09-46B6-8B66-A6FB6978D338}.Ad-Hoc|x64.Build.0 = Release|Any CPU
		{1A9BC3A9-EC09-46B6-8B66-A6FB6978D338}.Ad-Hoc|x86.ActiveCfg = Release|Any CPU
		{1A9BC3A9-EC09-46B6-8B66-A6FB6978D338}.Ad-Hoc|x86.Build.0 = Release|Any CPU
		{1A9BC3A9-EC09-46B6-8B66-A6FB6978D338}.AppStore|Any CPU.ActiveCfg = Release|Any CPU
		{1A9BC3A9-EC09-46B6-8B66-A6FB6978D338}.AppStore|Any CPU.Build.0 = Release|Any CPU
		{1A9BC3A9-EC09-46B6-8B66-A6FB6978D338}.AppStore|ARM.ActiveCfg = Release|Any CPU
		{1A9BC3A9-EC09-46B6-8B66-A6FB6978D338}.AppStore|ARM.Build.0 = Release|Any CPU
		{1A9BC3A9-EC09-46B6-8B66-A6FB6978D338}.AppStore|iPhone.ActiveCfg = Release|Any CPU
		{1A9BC3A9-EC09-46B6-8B66-A6FB6978D338}.AppStore|iPhone.Build.0 = Release|Any CPU
		{1A9BC3A9-EC09-46B6-8B66-A6FB6978D338}.AppStore|iPhoneSimulator.ActiveCfg = Release|Any CPU
		{1A9BC3A9-EC09-46B6-8B66-A6FB6978D338}.AppStore|iPhoneSimulator.Build.0 = Release|Any CPU
		{1A9BC3A9-EC09-46B6-8B66-A6FB6978D338}.AppStore|x64.ActiveCfg = Release|Any CPU
		{1A9BC3A9-EC09-46B6-8B66-A6FB6978D338}.AppStore|x64.Build.0 = Release|Any CPU
		{1A9BC3A9-EC09-46B6-8B66-A6FB6978D338}.AppStore|x86.ActiveCfg = Release|Any CPU
		{1A9BC3A9-EC09-46B6-8B66-A6FB6978D338}.AppStore|x86.Build.0 = Release|Any CPU
		{1A9BC3A9-EC09-46B6-8B66-A6FB6978D338}.Debug|Any CPU.ActiveCfg = Debug|Any CPU
		{1A9BC3A9-EC09-46B6-8B66-A6FB6978D338}.Debug|Any CPU.Build.0 = Debug|Any CPU
		{1A9BC3A9-EC09-46B6-8B66-A6FB6978D338}.Debug|ARM.ActiveCfg = Debug|Any CPU
		{1A9BC3A9-EC09-46B6-8B66-A6FB6978D338}.Debug|ARM.Build.0 = Debug|Any CPU
		{1A9BC3A9-EC09-46B6-8B66-A6FB6978D338}.Debug|iPhone.ActiveCfg = Debug|Any CPU
		{1A9BC3A9-EC09-46B6-8B66-A6FB6978D338}.Debug|iPhone.Build.0 = Debug|Any CPU
		{1A9BC3A9-EC09-46B6-8B66-A6FB6978D338}.Debug|iPhoneSimulator.ActiveCfg = Debug|Any CPU
		{1A9BC3A9-EC09-46B6-8B66-A6FB6978D338}.Debug|iPhoneSimulator.Build.0 = Debug|Any CPU
		{1A9BC3A9-EC09-46B6-8B66-A6FB6978D338}.Debug|x64.ActiveCfg = Debug|Any CPU
		{1A9BC3A9-EC09-46B6-8B66-A6FB6978D338}.Debug|x64.Build.0 = Debug|Any CPU
		{1A9BC3A9-EC09-46B6-8B66-A6FB6978D338}.Debug|x86.ActiveCfg = Debug|Any CPU
		{1A9BC3A9-EC09-46B6-8B66-A6FB6978D338}.Debug|x86.Build.0 = Debug|Any CPU
		{1A9BC3A9-EC09-46B6-8B66-A6FB6978D338}.Release|Any CPU.ActiveCfg = Release|Any CPU
		{1A9BC3A9-EC09-46B6-8B66-A6FB6978D338}.Release|Any CPU.Build.0 = Release|Any CPU
		{1A9BC3A9-EC09-46B6-8B66-A6FB6978D338}.Release|ARM.ActiveCfg = Release|Any CPU
		{1A9BC3A9-EC09-46B6-8B66-A6FB6978D338}.Release|ARM.Build.0 = Release|Any CPU
		{1A9BC3A9-EC09-46B6-8B66-A6FB6978D338}.Release|iPhone.ActiveCfg = Release|Any CPU
		{1A9BC3A9-EC09-46B6-8B66-A6FB6978D338}.Release|iPhone.Build.0 = Release|Any CPU
		{1A9BC3A9-EC09-46B6-8B66-A6FB6978D338}.Release|iPhoneSimulator.ActiveCfg = Release|Any CPU
		{1A9BC3A9-EC09-46B6-8B66-A6FB6978D338}.Release|iPhoneSimulator.Build.0 = Release|Any CPU
		{1A9BC3A9-EC09-46B6-8B66-A6FB6978D338}.Release|x64.ActiveCfg = Release|Any CPU
		{1A9BC3A9-EC09-46B6-8B66-A6FB6978D338}.Release|x64.Build.0 = Release|Any CPU
		{1A9BC3A9-EC09-46B6-8B66-A6FB6978D338}.Release|x86.ActiveCfg = Release|Any CPU
		{1A9BC3A9-EC09-46B6-8B66-A6FB6978D338}.Release|x86.Build.0 = Release|Any CPU
		{381F0469-E6A0-43E0-A5D7-B12DD93516E6}.Ad-Hoc|Any CPU.ActiveCfg = Release|x86
		{381F0469-E6A0-43E0-A5D7-B12DD93516E6}.Ad-Hoc|Any CPU.Build.0 = Release|x86
		{381F0469-E6A0-43E0-A5D7-B12DD93516E6}.Ad-Hoc|Any CPU.Deploy.0 = Release|x86
		{381F0469-E6A0-43E0-A5D7-B12DD93516E6}.Ad-Hoc|ARM.ActiveCfg = Release|ARM
		{381F0469-E6A0-43E0-A5D7-B12DD93516E6}.Ad-Hoc|ARM.Build.0 = Release|ARM
		{381F0469-E6A0-43E0-A5D7-B12DD93516E6}.Ad-Hoc|ARM.Deploy.0 = Release|ARM
		{381F0469-E6A0-43E0-A5D7-B12DD93516E6}.Ad-Hoc|iPhone.ActiveCfg = Release|x86
		{381F0469-E6A0-43E0-A5D7-B12DD93516E6}.Ad-Hoc|iPhone.Build.0 = Release|x86
		{381F0469-E6A0-43E0-A5D7-B12DD93516E6}.Ad-Hoc|iPhone.Deploy.0 = Release|x86
		{381F0469-E6A0-43E0-A5D7-B12DD93516E6}.Ad-Hoc|iPhoneSimulator.ActiveCfg = Release|x86
		{381F0469-E6A0-43E0-A5D7-B12DD93516E6}.Ad-Hoc|iPhoneSimulator.Build.0 = Release|x86
		{381F0469-E6A0-43E0-A5D7-B12DD93516E6}.Ad-Hoc|iPhoneSimulator.Deploy.0 = Release|x86
		{381F0469-E6A0-43E0-A5D7-B12DD93516E6}.Ad-Hoc|x64.ActiveCfg = Release|x64
		{381F0469-E6A0-43E0-A5D7-B12DD93516E6}.Ad-Hoc|x64.Build.0 = Release|x64
		{381F0469-E6A0-43E0-A5D7-B12DD93516E6}.Ad-Hoc|x64.Deploy.0 = Release|x64
		{381F0469-E6A0-43E0-A5D7-B12DD93516E6}.Ad-Hoc|x86.ActiveCfg = Release|x86
		{381F0469-E6A0-43E0-A5D7-B12DD93516E6}.Ad-Hoc|x86.Build.0 = Release|x86
		{381F0469-E6A0-43E0-A5D7-B12DD93516E6}.Ad-Hoc|x86.Deploy.0 = Release|x86
		{381F0469-E6A0-43E0-A5D7-B12DD93516E6}.AppStore|Any CPU.ActiveCfg = Release|x86
		{381F0469-E6A0-43E0-A5D7-B12DD93516E6}.AppStore|Any CPU.Build.0 = Release|x86
		{381F0469-E6A0-43E0-A5D7-B12DD93516E6}.AppStore|Any CPU.Deploy.0 = Release|x86
		{381F0469-E6A0-43E0-A5D7-B12DD93516E6}.AppStore|ARM.ActiveCfg = Release|ARM
		{381F0469-E6A0-43E0-A5D7-B12DD93516E6}.AppStore|ARM.Build.0 = Release|ARM
		{381F0469-E6A0-43E0-A5D7-B12DD93516E6}.AppStore|ARM.Deploy.0 = Release|ARM
		{381F0469-E6A0-43E0-A5D7-B12DD93516E6}.AppStore|iPhone.ActiveCfg = Release|x86
		{381F0469-E6A0-43E0-A5D7-B12DD93516E6}.AppStore|iPhone.Build.0 = Release|x86
		{381F0469-E6A0-43E0-A5D7-B12DD93516E6}.AppStore|iPhone.Deploy.0 = Release|x86
		{381F0469-E6A0-43E0-A5D7-B12DD93516E6}.AppStore|iPhoneSimulator.ActiveCfg = Release|x86
		{381F0469-E6A0-43E0-A5D7-B12DD93516E6}.AppStore|iPhoneSimulator.Build.0 = Release|x86
		{381F0469-E6A0-43E0-A5D7-B12DD93516E6}.AppStore|iPhoneSimulator.Deploy.0 = Release|x86
		{381F0469-E6A0-43E0-A5D7-B12DD93516E6}.AppStore|x64.ActiveCfg = Release|x64
		{381F0469-E6A0-43E0-A5D7-B12DD93516E6}.AppStore|x64.Build.0 = Release|x64
		{381F0469-E6A0-43E0-A5D7-B12DD93516E6}.AppStore|x64.Deploy.0 = Release|x64
		{381F0469-E6A0-43E0-A5D7-B12DD93516E6}.AppStore|x86.ActiveCfg = Release|x86
		{381F0469-E6A0-43E0-A5D7-B12DD93516E6}.AppStore|x86.Build.0 = Release|x86
		{381F0469-E6A0-43E0-A5D7-B12DD93516E6}.AppStore|x86.Deploy.0 = Release|x86
		{381F0469-E6A0-43E0-A5D7-B12DD93516E6}.Debug|Any CPU.ActiveCfg = Debug|x86
		{381F0469-E6A0-43E0-A5D7-B12DD93516E6}.Debug|ARM.ActiveCfg = Debug|ARM
		{381F0469-E6A0-43E0-A5D7-B12DD93516E6}.Debug|ARM.Build.0 = Debug|ARM
		{381F0469-E6A0-43E0-A5D7-B12DD93516E6}.Debug|ARM.Deploy.0 = Debug|ARM
		{381F0469-E6A0-43E0-A5D7-B12DD93516E6}.Debug|iPhone.ActiveCfg = Debug|x86
		{381F0469-E6A0-43E0-A5D7-B12DD93516E6}.Debug|iPhoneSimulator.ActiveCfg = Debug|x86
		{381F0469-E6A0-43E0-A5D7-B12DD93516E6}.Debug|x64.ActiveCfg = Debug|x64
		{381F0469-E6A0-43E0-A5D7-B12DD93516E6}.Debug|x64.Build.0 = Debug|x64
		{381F0469-E6A0-43E0-A5D7-B12DD93516E6}.Debug|x64.Deploy.0 = Debug|x64
		{381F0469-E6A0-43E0-A5D7-B12DD93516E6}.Debug|x86.ActiveCfg = Debug|x86
		{381F0469-E6A0-43E0-A5D7-B12DD93516E6}.Debug|x86.Build.0 = Debug|x86
		{381F0469-E6A0-43E0-A5D7-B12DD93516E6}.Debug|x86.Deploy.0 = Debug|x86
		{381F0469-E6A0-43E0-A5D7-B12DD93516E6}.Release|Any CPU.ActiveCfg = Release|x86
		{381F0469-E6A0-43E0-A5D7-B12DD93516E6}.Release|ARM.ActiveCfg = Release|ARM
		{381F0469-E6A0-43E0-A5D7-B12DD93516E6}.Release|ARM.Build.0 = Release|ARM
		{381F0469-E6A0-43E0-A5D7-B12DD93516E6}.Release|ARM.Deploy.0 = Release|ARM
		{381F0469-E6A0-43E0-A5D7-B12DD93516E6}.Release|iPhone.ActiveCfg = Release|x86
		{381F0469-E6A0-43E0-A5D7-B12DD93516E6}.Release|iPhoneSimulator.ActiveCfg = Release|x86
		{381F0469-E6A0-43E0-A5D7-B12DD93516E6}.Release|x64.ActiveCfg = Release|x64
		{381F0469-E6A0-43E0-A5D7-B12DD93516E6}.Release|x64.Build.0 = Release|x64
		{381F0469-E6A0-43E0-A5D7-B12DD93516E6}.Release|x64.Deploy.0 = Release|x64
		{381F0469-E6A0-43E0-A5D7-B12DD93516E6}.Release|x86.ActiveCfg = Release|x86
		{381F0469-E6A0-43E0-A5D7-B12DD93516E6}.Release|x86.Build.0 = Release|x86
		{381F0469-E6A0-43E0-A5D7-B12DD93516E6}.Release|x86.Deploy.0 = Release|x86
		{88B9251B-D894-419E-94BD-F51810E37706}.Ad-Hoc|Any CPU.ActiveCfg = Ad-Hoc|iPhone
		{88B9251B-D894-419E-94BD-F51810E37706}.Ad-Hoc|ARM.ActiveCfg = Ad-Hoc|iPhone
		{88B9251B-D894-419E-94BD-F51810E37706}.Ad-Hoc|iPhone.ActiveCfg = Ad-Hoc|iPhone
		{88B9251B-D894-419E-94BD-F51810E37706}.Ad-Hoc|iPhone.Build.0 = Ad-Hoc|iPhone
		{88B9251B-D894-419E-94BD-F51810E37706}.Ad-Hoc|iPhoneSimulator.ActiveCfg = Ad-Hoc|iPhoneSimulator
		{88B9251B-D894-419E-94BD-F51810E37706}.Ad-Hoc|iPhoneSimulator.Build.0 = Ad-Hoc|iPhoneSimulator
		{88B9251B-D894-419E-94BD-F51810E37706}.Ad-Hoc|x64.ActiveCfg = Ad-Hoc|iPhone
		{88B9251B-D894-419E-94BD-F51810E37706}.Ad-Hoc|x86.ActiveCfg = Ad-Hoc|iPhone
		{88B9251B-D894-419E-94BD-F51810E37706}.AppStore|Any CPU.ActiveCfg = AppStore|iPhone
		{88B9251B-D894-419E-94BD-F51810E37706}.AppStore|ARM.ActiveCfg = AppStore|iPhone
		{88B9251B-D894-419E-94BD-F51810E37706}.AppStore|iPhone.ActiveCfg = AppStore|iPhone
		{88B9251B-D894-419E-94BD-F51810E37706}.AppStore|iPhone.Build.0 = AppStore|iPhone
		{88B9251B-D894-419E-94BD-F51810E37706}.AppStore|iPhoneSimulator.ActiveCfg = AppStore|iPhoneSimulator
		{88B9251B-D894-419E-94BD-F51810E37706}.AppStore|iPhoneSimulator.Build.0 = AppStore|iPhoneSimulator
		{88B9251B-D894-419E-94BD-F51810E37706}.AppStore|x64.ActiveCfg = AppStore|iPhone
		{88B9251B-D894-419E-94BD-F51810E37706}.AppStore|x86.ActiveCfg = AppStore|iPhone
		{88B9251B-D894-419E-94BD-F51810E37706}.Debug|Any CPU.ActiveCfg = Debug|iPhone
		{88B9251B-D894-419E-94BD-F51810E37706}.Debug|ARM.ActiveCfg = Debug|iPhone
		{88B9251B-D894-419E-94BD-F51810E37706}.Debug|iPhone.ActiveCfg = Debug|iPhone
		{88B9251B-D894-419E-94BD-F51810E37706}.Debug|iPhone.Build.0 = Debug|iPhone
		{88B9251B-D894-419E-94BD-F51810E37706}.Debug|iPhoneSimulator.ActiveCfg = Debug|iPhoneSimulator
		{88B9251B-D894-419E-94BD-F51810E37706}.Debug|iPhoneSimulator.Build.0 = Debug|iPhoneSimulator
		{88B9251B-D894-419E-94BD-F51810E37706}.Debug|x64.ActiveCfg = Debug|iPhone
		{88B9251B-D894-419E-94BD-F51810E37706}.Debug|x86.ActiveCfg = Debug|iPhone
		{88B9251B-D894-419E-94BD-F51810E37706}.Release|Any CPU.ActiveCfg = Release|iPhone
		{88B9251B-D894-419E-94BD-F51810E37706}.Release|ARM.ActiveCfg = Release|iPhone
		{88B9251B-D894-419E-94BD-F51810E37706}.Release|iPhone.ActiveCfg = Release|iPhone
		{88B9251B-D894-419E-94BD-F51810E37706}.Release|iPhone.Build.0 = Release|iPhone
		{88B9251B-D894-419E-94BD-F51810E37706}.Release|iPhoneSimulator.ActiveCfg = Release|iPhoneSimulator
		{88B9251B-D894-419E-94BD-F51810E37706}.Release|iPhoneSimulator.Build.0 = Release|iPhoneSimulator
		{88B9251B-D894-419E-94BD-F51810E37706}.Release|x64.ActiveCfg = Release|iPhone
		{88B9251B-D894-419E-94BD-F51810E37706}.Release|x86.ActiveCfg = Release|iPhone
	EndGlobalSection
	GlobalSection(SolutionProperties) = preSolution
		HideSolutionNode = FALSE
	EndGlobalSection
EndGlobal
